
Microsoft Visual Studio Solution File, Format Version 12.00
# Visual Studio Version 17
VisualStudioVersion = 17.9.34622.214
MinimumVisualStudioVersion = 10.0.40219.1
Project("{FAE04EC0-301F-11D3-BF4B-00C04F79EFBC}") = "Collections-Homework", "Collections-Homework\Collections-Homework.csproj", "{4D4148E4-9DF5-42BE-A777-EA48BE525E87}"
EndProject
Global
	GlobalSection(SolutionConfigurationPlatforms) = preSolution
		Debug|Any CPU = Debug|Any CPU
		Release|Any CPU = Release|Any CPU
	EndGlobalSection
	GlobalSection(ProjectConfigurationPlatforms) = postSolution
		{4D4148E4-9DF5-42BE-A777-EA48BE525E87}.Debug|Any CPU.ActiveCfg = Debug|Any CPU
		{4D4148E4-9DF5-42BE-A777-EA48BE525E87}.Debug|Any CPU.Build.0 = Debug|Any CPU
		{4D4148E4-9DF5-42BE-A777-EA48BE525E87}.Release|Any CPU.ActiveCfg = Release|Any CPU
		{4D4148E4-9DF5-42BE-A777-EA48BE525E87}.Release|Any CPU.Build.0 = Release|Any CPU
	EndGlobalSection
	GlobalSection(SolutionProperties) = preSolution
		HideSolutionNode = FALSE
	EndGlobalSection
	GlobalSection(ExtensibilityGlobals) = postSolution
		SolutionGuid = {8ECF555F-B37C-4D40-898E-DF6DBF775E58}
	EndGlobalSection
EndGlobal
